
Microsoft Visual Studio Solution File, Format Version 12.00
# Visual Studio 15
VisualStudioVersion = 15.0.28307.421
MinimumVisualStudioVersion = 10.0.40219.1
Project("{FAE04EC0-301F-11D3-BF4B-00C04F79EFBC}") = "CibertecWebApp", "CibertecWebApp\CibertecWebApp.csproj", "{B36ECD42-6FA7-465C-AC76-D3C642FDACAB}"
EndProject
Global
	GlobalSection(SolutionConfigurationPlatforms) = preSolution
		Debug|Any CPU = Debug|Any CPU
		Release|Any CPU = Release|Any CPU
	EndGlobalSection
	GlobalSection(ProjectConfigurationPlatforms) = postSolution
		{B36ECD42-6FA7-465C-AC76-D3C642FDACAB}.Debug|Any CPU.ActiveCfg = Debug|Any CPU
		{B36ECD42-6FA7-465C-AC76-D3C642FDACAB}.Debug|Any CPU.Build.0 = Debug|Any CPU
		{B36ECD42-6FA7-465C-AC76-D3C642FDACAB}.Release|Any CPU.ActiveCfg = Release|Any CPU
		{B36ECD42-6FA7-465C-AC76-D3C642FDACAB}.Release|Any CPU.Build.0 = Release|Any CPU
	EndGlobalSection
	GlobalSection(SolutionProperties) = preSolution
		HideSolutionNode = FALSE
	EndGlobalSection
	GlobalSection(ExtensibilityGlobals) = postSolution
		SolutionGuid = {592D4D8F-FA7A-475A-B815-55EB965C905E}
	EndGlobalSection
EndGlobal
